// !$*UTF8*$!
{
	archiveVersion = 1;
	classes = {
	};
	objectVersion = 46;
	objects = {

/* Begin PBXBuildFile section */
		92A350CD1E7B765E003A7994 /* AppDelegate.swift in Sources */ = {isa = PBXBuildFile; fileRef = 92A350CC1E7B765E003A7994 /* AppDelegate.swift */; };
		92A350CF1E7B765E003A7994 /* MainVC.swift in Sources */ = {isa = PBXBuildFile; fileRef = 92A350CE1E7B765E003A7994 /* MainVC.swift */; };
		92A350D21E7B765E003A7994 /* Main.storyboard in Resources */ = {isa = PBXBuildFile; fileRef = 92A350D01E7B765E003A7994 /* Main.storyboard */; };
		92A350D51E7B765E003A7994 /* Rock_Collector.xcdatamodeld in Sources */ = {isa = PBXBuildFile; fileRef = 92A350D31E7B765E003A7994 /* Rock_Collector.xcdatamodeld */; };
		92A350D71E7B765E003A7994 /* Assets.xcassets in Resources */ = {isa = PBXBuildFile; fileRef = 92A350D61E7B765E003A7994 /* Assets.xcassets */; };
		92A350DA1E7B765E003A7994 /* LaunchScreen.storyboard in Resources */ = {isa = PBXBuildFile; fileRef = 92A350D81E7B765E003A7994 /* LaunchScreen.storyboard */; };
/* End PBXBuildFile section */

/* Begin PBXFileReference section */
		92A350C91E7B765E003A7994 /* Rock Collector.app */ = {isa = PBXFileReference; explicitFileType = wrapper.application; includeInIndex = 0; path = "Rock Collector.app"; sourceTree = BUILT_PRODUCTS_DIR; };
		92A350CC1E7B765E003A7994 /* AppDelegate.swift */ = {isa = PBXFileReference; lastKnownFileType = sourcecode.swift; path = AppDelegate.swift; sourceTree = "<group>"; };
		92A350CE1E7B765E003A7994 /* MainVC.swift */ = {isa = PBXFileReference; lastKnownFileType = sourcecode.swift; path = MainVC.swift; sourceTree = "<group>"; };
		92A350D11E7B765E003A7994 /* Base */ = {isa = PBXFileReference; lastKnownFileType = file.storyboard; name = Base; path = Base.lproj/Main.storyboard; sourceTree = "<group>"; };
		92A350D41E7B765E003A7994 /* Rock_Collector.xcdatamodel */ = {isa = PBXFileReference; lastKnownFileType = wrapper.xcdatamodel; path = Rock_Collector.xcdatamodel; sourceTree = "<group>"; };
		92A350D61E7B765E003A7994 /* Assets.xcassets */ = {isa = PBXFileReference; lastKnownFileType = folder.assetcatalog; path = Assets.xcassets; sourceTree = "<group>"; };
		92A350D91E7B765E003A7994 /* Base */ = {isa = PBXFileReference; lastKnownFileType = file.storyboard; name = Base; path = Base.lproj/LaunchScreen.storyboard; sourceTree = "<group>"; };
		92A350DB1E7B765E003A7994 /* Info.plist */ = {isa = PBXFileReference; lastKnownFileType = text.plist.xml; path = Info.plist; sourceTree = "<group>"; };
/* End PBXFileReference section */

/* Begin PBXFrameworksBuildPhase section */
		92A350C61E7B765E003A7994 /* Frameworks */ = {
			isa = PBXFrameworksBuildPhase;
			buildActionMask = 2147483647;
			files = (
			);
			runOnlyForDeploymentPostprocessing = 0;
		};
/* End PBXFrameworksBuildPhase section */

/* Begin PBXGroup section */
		92A350C01E7B765E003A7994 = {
			isa = PBXGroup;
			children = (
				92A350CB1E7B765E003A7994 /* Rock Collector */,
				92A350CA1E7B765E003A7994 /* Products */,
			);
			sourceTree = "<group>";
		};
		92A350CA1E7B765E003A7994 /* Products */ = {
			isa = PBXGroup;
			children = (
				92A350C91E7B765E003A7994 /* Rock Collector.app */,
			);
			name = Products;
			sourceTree = "<group>";
		};
		92A350CB1E7B765E003A7994 /* Rock Collector */ = {
			isa = PBXGroup;
			children = (
				92A350CE1E7B765E003A7994 /* MainVC.swift */,
				92A350D01E7B765E003A7994 /* Main.storyboard */,
				92A350D61E7B765E003A7994 /* Assets.xcassets */,
				92A350D81E7B765E003A7994 /* LaunchScreen.storyboard */,
				92A350DB1E7B765E003A7994 /* Info.plist */,
				92A350D31E7B765E003A7994 /* Rock_Collector.xcdatamodeld */,
				92A350CC1E7B765E003A7994 /* AppDelegate.swift */,
			);
			path = "Rock Collector";
			sourceTree = "<group>";
		};
/* End PBXGroup section */

/* Begin PBXNativeTarget section */
		92A350C81E7B765E003A7994 /* Rock Collector */ = {
			isa = PBXNativeTarget;
			buildConfigurationList = 92A350DE1E7B765E003A7994 /* Build configuration list for PBXNativeTarget "Rock Collector" */;
			buildPhases = (
				92A350C51E7B765E003A7994 /* Sources */,
				92A350C61E7B765E003A7994 /* Frameworks */,
				92A350C71E7B765E003A7994 /* Resources */,
			);
			buildRules = (
			);
			dependencies = (
			);
			name = "Rock Collector";
			productName = "Rock Collector";
			productReference = 92A350C91E7B765E003A7994 /* Rock Collector.app */;
			productType = "com.apple.product-type.application";
		};
/* End PBXNativeTarget section */

/* Begin PBXProject section */
		92A350C11E7B765E003A7994 /* Project object */ = {
			isa = PBXProject;
			attributes = {
				LastSwiftUpdateCheck = 0830;
				LastUpgradeCheck = 0830;
				ORGANIZATIONNAME = Anthony;
				TargetAttributes = {
					92A350C81E7B765E003A7994 = {
						CreatedOnToolsVersion = 8.3;
						ProvisioningStyle = Automatic;
					};
				};
			};
			buildConfigurationList = 92A350C41E7B765E003A7994 /* Build configuration list for PBXProject "Rock Collector" */;
			compatibilityVersion = "Xcode 3.2";
			developmentRegion = English;
			hasScannedForEncodings = 0;
			knownRegions = (
				en,
				Base,
			);
			mainGroup = 92A350C01E7B765E003A7994;
			productRefGroup = 92A350CA1E7B765E003A7994 /* Products */;
			projectDirPath = "";
			projectRoot = "";
			targets = (
				92A350C81E7B765E003A7994 /* Rock Collector */,
			);
		};
/* End PBXProject section */

/* Begin PBXResourcesBuildPhase section */
		92A350C71E7B765E003A7994 /* Resources */ = {
			isa = PBXResourcesBuildPhase;
			buildActionMask = 2147483647;
			files = (
				92A350DA1E7B765E003A7994 /* LaunchScreen.storyboard in Resources */,
				92A350D71E7B765E003A7994 /* Assets.xcassets in Resources */,
				92A350D21E7B765E003A7994 /* Main.storyboard in Resources */,
			);
			runOnlyForDeploymentPostprocessing = 0;
		};
/* End PBXResourcesBuildPhase section */

/* Begin PBXSourcesBuildPhase section */
		92A350C51E7B765E003A7994 /* Sources */ = {
			isa = PBXSourcesBuildPhase;
			buildActionMask = 2147483647;
			files = (
				92A350D51E7B765E003A7994 /* Rock_Collector.xcdatamodeld in Sources */,
				92A350CF1E7B765E003A7994 /* MainVC.swift in Sources */,
				92A350CD1E7B765E003A7994 /* AppDelegate.swift in Sources */,
			);
			runOnlyForDeploymentPostprocessing = 0;
		};
/* End PBXSourcesBuildPhase section */

/* Begin PBXVariantGroup section */
		92A350D01E7B765E003A7994 /* Main.storyboard */ = {
			isa = PBXVariantGroup;
			children = (
				92A350D11E7B765E003A7994 /* Base */,
			);
			name = Main.storyboard;
			sourceTree = "<group>";
		};
		92A350D81E7B765E003A7994 /* LaunchScreen.storyboard */ = {
			isa = PBXVariantGroup;
			children = (
				92A350D91E7B765E003A7994 /* Base */,
			);
			name = LaunchScreen.storyboard;
			sourceTree = "<group>";
		};
/* End PBXVariantGroup section */

/* Begin XCBuildConfiguration section */
		92A350DC1E7B765E003A7994 /* Debug */ = {
			isa = XCBuildConfiguration;
			buildSettings = {
				ALWAYS_SEARCH_USER_PATHS = NO;
				CLANG_ANALYZER_NONNULL = YES;
				CLANG_ANALYZER_NUMBER_OBJECT_CONVERSION = YES_AGGRESSIVE;
				CLANG_CXX_LANGUAGE_STANDARD = "gnu++0x";
				CLANG_CXX_LIBRARY = "libc++";
				CLANG_ENABLE_MODULES = YES;
				CLANG_ENABLE_OBJC_ARC = YES;
				CLANG_WARN_BOOL_CONVERSION = YES;
				CLANG_WARN_CONSTANT_CONVERSION = YES;
				CLANG_WARN_DIRECT_OBJC_ISA_USAGE = YES_ERROR;
				CLANG_WARN_DOCUMENTATION_COMMENTS = YES;
				CLANG_WARN_EMPTY_BODY = YES;
				CLANG_WARN_ENUM_CONVERSION = YES;
				CLANG_WARN_INFINITE_RECURSION = YES;
				CLANG_WARN_INT_CONVERSION = YES;
				CLANG_WARN_OBJC_ROOT_CLASS = YES_ERROR;
				CLANG_WARN_SUSPICIOUS_MOVE = YES;
				CLANG_WARN_UNREACHABLE_CODE = YES;
				CLANG_WARN__DUPLICATE_METHOD_MATCH = YES;
				"CODE_SIGN_IDENTITY[sdk=iphoneos*]" = "iPhone Developer";
				COPY_PHASE_STRIP = NO;
				DEBUG_INFORMATION_FORMAT = dwarf;
				ENABLE_STRICT_OBJC_MSGSEND = YES;
				ENABLE_TESTABILITY = YES;
				GCC_C_LANGUAGE_STANDARD = gnu99;
				GCC_DYNAMIC_NO_PIC = NO;
				GCC_NO_COMMON_BLOCKS = YES;
				GCC_OPTIMIZATION_LEVEL = 0;
				GCC_PREPROCESSOR_DEFINITIONS = (
					"DEBUG=1",
					"$(inherited)",
				);
				GCC_WARN_64_TO_32_BIT_CONVERSION = YES;
				GCC_WARN_ABOUT_RETURN_TYPE = YES_ERROR;
				GCC_WARN_UNDECLARED_SELECTOR = YES;
				GCC_WARN_UNINITIALIZED_AUTOS = YES_AGGRESSIVE;
				GCC_WARN_UNUSED_FUNCTION = YES;
				GCC_WARN_UNUSED_VARIABLE = YES;
				IPHONEOS_DEPLOYMENT_TARGET = 10.3;
				MTL_ENABLE_DEBUG_INFO = YES;
				ONLY_ACTIVE_ARCH = YES;
				SDKROOT = iphoneos;
				SWIFT_ACTIVE_COMPILATION_CONDITIONS = DEBUG;
				SWIFT_OPTIMIZATION_LEVEL = "-Onone";
				TARGETED_DEVICE_FAMILY = "1,2";
			};
			name = Debug;
		};
		92A350DD1E7B765E003A7994 /* Release */ = {
			isa = XCBuildConfiguration;
			buildSettings = {
				ALWAYS_SEARCH_USER_PATHS = NO;
				CLANG_ANALYZER_NONNULL = YES;
				CLANG_ANALYZER_NUMBER_OBJECT_CONVERSION = YES_AGGRESSIVE;
				CLANG_CXX_LANGUAGE_STANDARD = "gnu++0x";
				CLANG_CXX_LIBRARY = "libc++";
				CLANG_ENABLE_MODULES = YES;
				CLANG_ENABLE_OBJC_ARC = YES;
				CLANG_WARN_BOOL_CONVERSION = YES;
				CLANG_WARN_CONSTANT_CONVERSION = YES;
				CLANG_WARN_DIRECT_OBJC_ISA_USAGE = YES_ERROR;
				CLANG_WARN_DOCUMENTATION_COMMENTS = YES;
				CLANG_WARN_EMPTY_BODY = YES;
				CLANG_WARN_ENUM_CONVERSION = YES;
				CLANG_WARN_INFINITE_RECURSION = YES;
				CLANG_WARN_INT_CONVERSION = YES;
				CLANG_WARN_OBJC_ROOT_CLASS = YES_ERROR;
				CLANG_WARN_SUSPICIOUS_MOVE = YES;
				CLANG_WARN_UNREACHABLE_CODE = YES;
				CLANG_WARN__DUPLICATE_METHOD_MATCH = YES;
				"CODE_SIGN_IDENTITY[sdk=iphoneos*]" = "iPhone Developer";
				COPY_PHASE_STRIP = NO;
				DEBUG_INFORMATION_FORMAT = "dwarf-with-dsym";
				ENABLE_NS_ASSERTIONS = NO;
				ENABLE_STRICT_OBJC_MSGSEND = YES;
				GCC_C_LANGUAGE_STANDARD = gnu99;
				GCC_NO_COMMON_BLOCKS = YES;
				GCC_WARN_64_TO_32_BIT_CONVERSION = YES;
				GCC_WARN_ABOUT_RETURN_TYPE = YES_ERROR;
				GCC_WARN_UNDECLARED_SELECTOR = YES;
				GCC_WARN_UNINITIALIZED_AUTOS = YES_AGGRESSIVE;
				GCC_WARN_UNUSED_FUNCTION = YES;
				GCC_WARN_UNUSED_VARIABLE = YES;
				IPHONEOS_DEPLOYMENT_TARGET = 10.3;
				MTL_ENABLE_DEBUG_INFO = NO;
				SDKROOT = iphoneos;
				SWIFT_OPTIMIZATION_LEVEL = "-Owholemodule";
				TARGETED_DEVICE_FAMILY = "1,2";
				VALIDATE_PRODUCT = YES;
			};
			name = Release;
		};
		92A350DF1E7B765E003A7994 /* Debug */ = {
			isa = XCBuildConfiguration;
			buildSettings = {
				ASSETCATALOG_COMPILER_APPICON_NAME = AppIcon;
				INFOPLIST_FILE = "Rock Collector/Info.plist";
				LD_RUNPATH_SEARCH_PATHS = "$(inherited) @executable_path/Frameworks";
				PRODUCT_BUNDLE_IDENTIFIER = "appalgorithm.com.Rock-Collector";
				PRODUCT_NAME = "$(TARGET_NAME)";
				SWIFT_VERSION = 3.0;
			};
			name = Debug;
		};
		92A350E01E7B765E003A7994 /* Release */ = {
			isa = XCBuildConfiguration;
			buildSettings = {
				ASSETCATALOG_COMPILER_APPICON_NAME = AppIcon;
				INFOPLIST_FILE = "Rock Collector/Info.plist";
				LD_RUNPATH_SEARCH_PATHS = "$(inherited) @executable_path/Frameworks";
				PRODUCT_BUNDLE_IDENTIFIER = "appalgorithm.com.Rock-Collector";
				PRODUCT_NAME = "$(TARGET_NAME)";
				SWIFT_VERSION = 3.0;
			};
			name = Release;
		};
/* End XCBuildConfiguration section */

/* Begin XCConfigurationList section */
		92A350C41E7B765E003A7994 /* Build configuration list for PBXProject "Rock Collector" */ = {
			isa = XCConfigurationList;
			buildConfigurations = (
				92A350DC1E7B765E003A7994 /* Debug */,
				92A350DD1E7B765E003A7994 /* Release */,
			);
			defaultConfigurationIsVisible = 0;
			defaultConfigurationName = Release;
		};
		92A350DE1E7B765E003A7994 /* Build configuration list for PBXNativeTarget "Rock Collector" */ = {
			isa = XCConfigurationList;
			buildConfigurations = (
				92A350DF1E7B765E003A7994 /* Debug */,
				92A350E01E7B765E003A7994 /* Release */,
			);
			defaultConfigurationIsVisible = 0;
		};
/* End XCConfigurationList section */

/* Begin XCVersionGroup section */
		92A350D31E7B765E003A7994 /* Rock_Collector.xcdatamodeld */ = {
			isa = XCVersionGroup;
			children = (
				92A350D41E7B765E003A7994 /* Rock_Collector.xcdatamodel */,
			);
			currentVersion = 92A350D41E7B765E003A7994 /* Rock_Collector.xcdatamodel */;
			path = Rock_Collector.xcdatamodeld;
			sourceTree = "<group>";
			versionGroupType = wrapper.xcdatamodel;
		};
/* End XCVersionGroup section */
	};
	rootObject = 92A350C11E7B765E003A7994 /* Project object */;
}
